
Microsoft Visual Studio Solution File, Format Version 12.00
# Visual Studio Version 17
VisualStudioVersion = 17.4.33205.214
MinimumVisualStudioVersion = 10.0.40219.1
Project("{FAE04EC0-301F-11D3-BF4B-00C04F79EFBC}") = "CommentService", "CommentService.csproj", "{0BF8849E-657E-428E-BC51-5431C810E452}"
EndProject
Global
	GlobalSection(SolutionConfigurationPlatforms) = preSolution
		Debug|Any CPU = Debug|Any CPU
		Release|Any CPU = Release|Any CPU
	EndGlobalSection
	GlobalSection(ProjectConfigurationPlatforms) = postSolution
		{0BF8849E-657E-428E-BC51-5431C810E452}.Debug|Any CPU.ActiveCfg = Debug|Any CPU
		{0BF8849E-657E-428E-BC51-5431C810E452}.Debug|Any CPU.Build.0 = Debug|Any CPU
		{0BF8849E-657E-428E-BC51-5431C810E452}.Release|Any CPU.ActiveCfg = Release|Any CPU
		{0BF8849E-657E-428E-BC51-5431C810E452}.Release|Any CPU.Build.0 = Release|Any CPU
	EndGlobalSection
	GlobalSection(SolutionProperties) = preSolution
		HideSolutionNode = FALSE
	EndGlobalSection
	GlobalSection(ExtensibilityGlobals) = postSolution
		SolutionGuid = {C7AFA0F6-A9D1-4CB9-9C42-9FED5E031F17}
	EndGlobalSection
EndGlobal
